
Microsoft Visual Studio Solution File, Format Version 12.00
# Visual Studio 15
VisualStudioVersion = 15.0.27428.2015
MinimumVisualStudioVersion = 10.0.40219.1
Project("{FAE04EC0-301F-11D3-BF4B-00C04F79EFBC}") = "MoneyTracker02", "MoneyTracker02\MoneyTracker02.csproj", "{89115E5E-C1B5-42BF-AE45-CDEDE461065F}"
EndProject
Global
	GlobalSection(SolutionConfigurationPlatforms) = preSolution
		Debug|Any CPU = Debug|Any CPU
		Release|Any CPU = Release|Any CPU
	EndGlobalSection
	GlobalSection(ProjectConfigurationPlatforms) = postSolution
		{89115E5E-C1B5-42BF-AE45-CDEDE461065F}.Debug|Any CPU.ActiveCfg = Debug|Any CPU
		{89115E5E-C1B5-42BF-AE45-CDEDE461065F}.Debug|Any CPU.Build.0 = Debug|Any CPU
		{89115E5E-C1B5-42BF-AE45-CDEDE461065F}.Debug|Any CPU.Deploy.0 = Debug|Any CPU
		{89115E5E-C1B5-42BF-AE45-CDEDE461065F}.Release|Any CPU.ActiveCfg = Release|Any CPU
		{89115E5E-C1B5-42BF-AE45-CDEDE461065F}.Release|Any CPU.Build.0 = Release|Any CPU
		{89115E5E-C1B5-42BF-AE45-CDEDE461065F}.Release|Any CPU.Deploy.0 = Release|Any CPU
	EndGlobalSection
	GlobalSection(SolutionProperties) = preSolution
		HideSolutionNode = FALSE
	EndGlobalSection
	GlobalSection(ExtensibilityGlobals) = postSolution
		SolutionGuid = {97863A3C-7C50-4298-B282-C613CF1D501A}
	EndGlobalSection
EndGlobal
